
Microsoft Visual Studio Solution File, Format Version 12.00
# Visual Studio 15
VisualStudioVersion = 15.0.28307.539
MinimumVisualStudioVersion = 10.0.40219.1
Project("{FAE04EC0-301F-11D3-BF4B-00C04F79EFBC}") = "MVCGrid", "MVCGrid\MVCGrid.csproj", "{4DE07B6D-3AE2-4BA4-BBCA-13B53142AE6D}"
EndProject
Global
	GlobalSection(SolutionConfigurationPlatforms) = preSolution
		Debug|Any CPU = Debug|Any CPU
		Release|Any CPU = Release|Any CPU
	EndGlobalSection
	GlobalSection(ProjectConfigurationPlatforms) = postSolution
		{4DE07B6D-3AE2-4BA4-BBCA-13B53142AE6D}.Debug|Any CPU.ActiveCfg = Debug|Any CPU
		{4DE07B6D-3AE2-4BA4-BBCA-13B53142AE6D}.Debug|Any CPU.Build.0 = Debug|Any CPU
		{4DE07B6D-3AE2-4BA4-BBCA-13B53142AE6D}.Release|Any CPU.ActiveCfg = Release|Any CPU
		{4DE07B6D-3AE2-4BA4-BBCA-13B53142AE6D}.Release|Any CPU.Build.0 = Release|Any CPU
	EndGlobalSection
	GlobalSection(SolutionProperties) = preSolution
		HideSolutionNode = FALSE
	EndGlobalSection
	GlobalSection(ExtensibilityGlobals) = postSolution
		SolutionGuid = {F0F759E5-31DA-428B-8774-E4ED7B070E35}
	EndGlobalSection
EndGlobal
